
Microsoft Visual Studio Solution File, Format Version 12.00
# Visual Studio Version 17
VisualStudioVersion = 17.0.31903.59
MinimumVisualStudioVersion = 10.0.40219.1
Project("{FAE04EC0-301F-11D3-BF4B-00C04F79EFBC}") = "AllTheBeans.Domain", "AllTheBeans.Domain\AllTheBeans.Domain.csproj", "{888386B9-3E3A-4610-AED8-B12FA496BA28}"
EndProject
Project("{FAE04EC0-301F-11D3-BF4B-00C04F79EFBC}") = "AllTheBeans.Application", "AllTheBeans.Application\AllTheBeans.Application.csproj", "{30158092-02FD-4988-991F-FFEA99525BA6}"
EndProject
Project("{FAE04EC0-301F-11D3-BF4B-00C04F79EFBC}") = "AllTheBeans.Infrastructure", "AllTheBeans.Infrastructure\AllTheBeans.Infrastructure.csproj", "{ED1078E4-0A7F-4043-BCD2-5F436F21EA43}"
EndProject
Project("{FAE04EC0-301F-11D3-BF4B-00C04F79EFBC}") = "AllTheBeans.API", "AllTheBeans.API\AllTheBeans.API.csproj", "{CFE40C6E-0A30-4D7A-853D-FE8D875B34A2}"
EndProject
Global
	GlobalSection(SolutionConfigurationPlatforms) = preSolution
		Debug|Any CPU = Debug|Any CPU
		Release|Any CPU = Release|Any CPU
	EndGlobalSection
	GlobalSection(SolutionProperties) = preSolution
		HideSolutionNode = FALSE
	EndGlobalSection
	GlobalSection(ProjectConfigurationPlatforms) = postSolution
		{888386B9-3E3A-4610-AED8-B12FA496BA28}.Debug|Any CPU.ActiveCfg = Debug|Any CPU
		{888386B9-3E3A-4610-AED8-B12FA496BA28}.Debug|Any CPU.Build.0 = Debug|Any CPU
		{888386B9-3E3A-4610-AED8-B12FA496BA28}.Release|Any CPU.ActiveCfg = Release|Any CPU
		{888386B9-3E3A-4610-AED8-B12FA496BA28}.Release|Any CPU.Build.0 = Release|Any CPU
		{30158092-02FD-4988-991F-FFEA99525BA6}.Debug|Any CPU.ActiveCfg = Debug|Any CPU
		{30158092-02FD-4988-991F-FFEA99525BA6}.Debug|Any CPU.Build.0 = Debug|Any CPU
		{30158092-02FD-4988-991F-FFEA99525BA6}.Release|Any CPU.ActiveCfg = Release|Any CPU
		{30158092-02FD-4988-991F-FFEA99525BA6}.Release|Any CPU.Build.0 = Release|Any CPU
		{ED1078E4-0A7F-4043-BCD2-5F436F21EA43}.Debug|Any CPU.ActiveCfg = Debug|Any CPU
		{ED1078E4-0A7F-4043-BCD2-5F436F21EA43}.Debug|Any CPU.Build.0 = Debug|Any CPU
		{ED1078E4-0A7F-4043-BCD2-5F436F21EA43}.Release|Any CPU.ActiveCfg = Release|Any CPU
		{ED1078E4-0A7F-4043-BCD2-5F436F21EA43}.Release|Any CPU.Build.0 = Release|Any CPU
		{CFE40C6E-0A30-4D7A-853D-FE8D875B34A2}.Debug|Any CPU.ActiveCfg = Debug|Any CPU
		{CFE40C6E-0A30-4D7A-853D-FE8D875B34A2}.Debug|Any CPU.Build.0 = Debug|Any CPU
		{CFE40C6E-0A30-4D7A-853D-FE8D875B34A2}.Release|Any CPU.ActiveCfg = Release|Any CPU
		{CFE40C6E-0A30-4D7A-853D-FE8D875B34A2}.Release|Any CPU.Build.0 = Release|Any CPU
	EndGlobalSection
EndGlobal
